
Microsoft Visual Studio Solution File, Format Version 12.00
# Visual Studio Version 16
VisualStudioVersion = 16.0.28729.10
MinimumVisualStudioVersion = 10.0.40219.1
Project("{9A19103F-16F7-4668-BE54-9A1E7A4F7556}") = "CryV.Net", "CryV.Net\CryV.Net.csproj", "{FC916AEC-0E45-4E21-A764-406190182972}"
EndProject
Project("{2150E333-8FDC-42A3-9474-1A3956D46DE8}") = "Native", "Native", "{6148EE04-9AB6-4B67-9EB5-C59132344003}"
EndProject
Project("{2150E333-8FDC-42A3-9474-1A3956D46DE8}") = "Client", "Client", "{B70BD485-BD69-4069-8E91-3E849018909E}"
EndProject
Project("{2150E333-8FDC-42A3-9474-1A3956D46DE8}") = "Server", "Server", "{FF194CC2-08D8-45A0-92E4-6A912B27CD0D}"
EndProject
Project("{2150E333-8FDC-42A3-9474-1A3956D46DE8}") = "Shared", "Shared", "{E605FB54-A4AD-4E0C-99C9-31D3B47F7463}"
EndProject
Project("{9A19103F-16F7-4668-BE54-9A1E7A4F7556}") = "CryV.Net.Client.Core", "CryV.Net.Client.Core\CryV.Net.Client.Core.csproj", "{4BE639FD-F1D3-40EE-BB29-1E01244A58D8}"
EndProject
Project("{9A19103F-16F7-4668-BE54-9A1E7A4F7556}") = "CryV.Net.Client.Common", "CryV.Net.Client.Common\CryV.Net.Client.Common.csproj", "{1DE14C98-FEAC-4771-B27D-F7BA399D6355}"
EndProject
Project("{9A19103F-16F7-4668-BE54-9A1E7A4F7556}") = "CryV.Net.Server.Core", "CryV.Net.Server.Core\CryV.Net.Server.Core.csproj", "{80761A5B-AB12-448B-BCF9-4C37551E68C1}"
EndProject
Project("{9A19103F-16F7-4668-BE54-9A1E7A4F7556}") = "CryV.Net.Server.Common", "CryV.Net.Server.Common\CryV.Net.Server.Common.csproj", "{EA6EF688-FECD-4EC2-8356-C2DCB99E0525}"
EndProject
Project("{9A19103F-16F7-4668-BE54-9A1E7A4F7556}") = "CryV.Net.Client.Networking", "CryV.Net.Client.Networking\CryV.Net.Client.Networking.csproj", "{E655EB35-563C-4BB8-9238-CF06C6399AA3}"
EndProject
Project("{9A19103F-16F7-4668-BE54-9A1E7A4F7556}") = "CryV.Net.Server.Networking", "CryV.Net.Server.Networking\CryV.Net.Server.Networking.csproj", "{E1AC6B34-94B7-40DA-B5D3-ABDD7EED0342}"
EndProject
Project("{9A19103F-16F7-4668-BE54-9A1E7A4F7556}") = "CryV.Net.Shared.Events", "CryV.Net.Shared.Events\CryV.Net.Shared.Events.csproj", "{94C03156-5009-46C9-98D1-396E8A7D0908}"
EndProject
Project("{9A19103F-16F7-4668-BE54-9A1E7A4F7556}") = "CryV.Net.Shared.Common", "CryV.Net.Shared.Common\CryV.Net.Shared.Common.csproj", "{2849B08F-3EBB-4657-929D-8ACD35656511}"
EndProject
Project("{9A19103F-16F7-4668-BE54-9A1E7A4F7556}") = "CryV.Net.Client.Cleanup", "CryV.Net.Client.Cleanup\CryV.Net.Client.Cleanup.csproj", "{C7F128E3-9EA5-4227-B735-AC777DB5BC58}"
EndProject
Project("{9A19103F-16F7-4668-BE54-9A1E7A4F7556}") = "CryV.Net.Client.EntityPool", "CryV.Net.Client.EntityPool\CryV.Net.Client.EntityPool.csproj", "{8694AA32-FEF2-4A43-B2CD-EF91EA583CEF}"
EndProject
Project("{9A19103F-16F7-4668-BE54-9A1E7A4F7556}") = "CryV.Net.Client.Console", "CryV.Net.Client.Console\CryV.Net.Client.Console.csproj", "{E555BFFE-AAAC-4222-B987-3C3A9AB84671}"
EndProject
Project("{9A19103F-16F7-4668-BE54-9A1E7A4F7556}") = "CryV.Net.Client.Debugging", "CryV.Net.Client.Debugging\CryV.Net.Client.Debugging.csproj", "{B1F42F7D-9314-43FF-A96D-5340D4089837}"
EndProject
Project("{9A19103F-16F7-4668-BE54-9A1E7A4F7556}") = "CryV.Net.Client.Players", "CryV.Net.Client.Players\CryV.Net.Client.Players.csproj", "{B3B67B63-5785-49E1-85B0-647EDE36C80D}"
EndProject
Project("{9A19103F-16F7-4668-BE54-9A1E7A4F7556}") = "CryV.Net.Server.Players", "CryV.Net.Server.Players\CryV.Net.Server.Players.csproj", "{C5E640E2-8913-487B-BAB5-6951CB6C050E}"
EndProject
Project("{9A19103F-16F7-4668-BE54-9A1E7A4F7556}") = "CryV.Net.Client.LocalPlayer", "CryV.Net.Client.LocalPlayer\CryV.Net.Client.LocalPlayer.csproj", "{04888282-CF87-4E67-BF07-686C224131DA}"
EndProject
Project("{9A19103F-16F7-4668-BE54-9A1E7A4F7556}") = "CryV.Net.Client.FingerPointing", "CryV.Net.Client.FingerPointing\CryV.Net.Client.FingerPointing.csproj", "{8B2FD029-355C-427E-8278-C484C289CCC4}"
EndProject
Project("{9A19103F-16F7-4668-BE54-9A1E7A4F7556}") = "CryV.Net.Server.FingerPointing", "CryV.Net.Server.FingerPointing\CryV.Net.Server.FingerPointing.csproj", "{1A0E043C-FD9B-4D8C-AB5E-51FE7734CC2D}"
EndProject
Project("{9A19103F-16F7-4668-BE54-9A1E7A4F7556}") = "CryV.Net.Client.Helpers", "CryV.Net.Client.Helpers\CryV.Net.Client.Helpers.csproj", "{E00B3E61-4E0A-43BB-AF47-FAA68EA3C7FD}"
EndProject
Project("{9A19103F-16F7-4668-BE54-9A1E7A4F7556}") = "CryV.Net.Client.Vehicles", "CryV.Net.Client.Vehicles\CryV.Net.Client.Vehicles.csproj", "{C6320E7D-8A62-423C-8333-7362D33C976A}"
EndProject
Project("{9A19103F-16F7-4668-BE54-9A1E7A4F7556}") = "CryV.Net.Server.Vehicles", "CryV.Net.Server.Vehicles\CryV.Net.Server.Vehicles.csproj", "{B74ECBF4-9039-4019-B4E9-9011323BFB9C}"
EndProject
Global
	GlobalSection(SolutionConfigurationPlatforms) = preSolution
		Debug|Any CPU = Debug|Any CPU
		PedMirror|Any CPU = PedMirror|Any CPU
		Release|Any CPU = Release|Any CPU
	EndGlobalSection
	GlobalSection(ProjectConfigurationPlatforms) = postSolution
		{FC916AEC-0E45-4E21-A764-406190182972}.Debug|Any CPU.ActiveCfg = Debug|Any CPU
		{FC916AEC-0E45-4E21-A764-406190182972}.Debug|Any CPU.Build.0 = Debug|Any CPU
		{FC916AEC-0E45-4E21-A764-406190182972}.PedMirror|Any CPU.ActiveCfg = PedMirror|Any CPU
		{FC916AEC-0E45-4E21-A764-406190182972}.PedMirror|Any CPU.Build.0 = PedMirror|Any CPU
		{FC916AEC-0E45-4E21-A764-406190182972}.Release|Any CPU.ActiveCfg = Release|Any CPU
		{FC916AEC-0E45-4E21-A764-406190182972}.Release|Any CPU.Build.0 = Release|Any CPU
		{4BE639FD-F1D3-40EE-BB29-1E01244A58D8}.Debug|Any CPU.ActiveCfg = Debug|Any CPU
		{4BE639FD-F1D3-40EE-BB29-1E01244A58D8}.Debug|Any CPU.Build.0 = Debug|Any CPU
		{4BE639FD-F1D3-40EE-BB29-1E01244A58D8}.PedMirror|Any CPU.ActiveCfg = PedMirror|Any CPU
		{4BE639FD-F1D3-40EE-BB29-1E01244A58D8}.PedMirror|Any CPU.Build.0 = PedMirror|Any CPU
		{4BE639FD-F1D3-40EE-BB29-1E01244A58D8}.Release|Any CPU.ActiveCfg = Release|Any CPU
		{4BE639FD-F1D3-40EE-BB29-1E01244A58D8}.Release|Any CPU.Build.0 = Release|Any CPU
		{1DE14C98-FEAC-4771-B27D-F7BA399D6355}.Debug|Any CPU.ActiveCfg = Debug|Any CPU
		{1DE14C98-FEAC-4771-B27D-F7BA399D6355}.Debug|Any CPU.Build.0 = Debug|Any CPU
		{1DE14C98-FEAC-4771-B27D-F7BA399D6355}.PedMirror|Any CPU.ActiveCfg = PedMirror|Any CPU
		{1DE14C98-FEAC-4771-B27D-F7BA399D6355}.PedMirror|Any CPU.Build.0 = PedMirror|Any CPU
		{1DE14C98-FEAC-4771-B27D-F7BA399D6355}.Release|Any CPU.ActiveCfg = Release|Any CPU
		{1DE14C98-FEAC-4771-B27D-F7BA399D6355}.Release|Any CPU.Build.0 = Release|Any CPU
		{80761A5B-AB12-448B-BCF9-4C37551E68C1}.Debug|Any CPU.ActiveCfg = Debug|Any CPU
		{80761A5B-AB12-448B-BCF9-4C37551E68C1}.Debug|Any CPU.Build.0 = Debug|Any CPU
		{80761A5B-AB12-448B-BCF9-4C37551E68C1}.PedMirror|Any CPU.ActiveCfg = PedMirror|Any CPU
		{80761A5B-AB12-448B-BCF9-4C37551E68C1}.PedMirror|Any CPU.Build.0 = PedMirror|Any CPU
		{80761A5B-AB12-448B-BCF9-4C37551E68C1}.Release|Any CPU.ActiveCfg = Release|Any CPU
		{80761A5B-AB12-448B-BCF9-4C37551E68C1}.Release|Any CPU.Build.0 = Release|Any CPU
		{EA6EF688-FECD-4EC2-8356-C2DCB99E0525}.Debug|Any CPU.ActiveCfg = Debug|Any CPU
		{EA6EF688-FECD-4EC2-8356-C2DCB99E0525}.Debug|Any CPU.Build.0 = Debug|Any CPU
		{EA6EF688-FECD-4EC2-8356-C2DCB99E0525}.PedMirror|Any CPU.ActiveCfg = PedMirror|Any CPU
		{EA6EF688-FECD-4EC2-8356-C2DCB99E0525}.PedMirror|Any CPU.Build.0 = PedMirror|Any CPU
		{EA6EF688-FECD-4EC2-8356-C2DCB99E0525}.Release|Any CPU.ActiveCfg = Release|Any CPU
		{EA6EF688-FECD-4EC2-8356-C2DCB99E0525}.Release|Any CPU.Build.0 = Release|Any CPU
		{E655EB35-563C-4BB8-9238-CF06C6399AA3}.Debug|Any CPU.ActiveCfg = Debug|Any CPU
		{E655EB35-563C-4BB8-9238-CF06C6399AA3}.Debug|Any CPU.Build.0 = Debug|Any CPU
		{E655EB35-563C-4BB8-9238-CF06C6399AA3}.PedMirror|Any CPU.ActiveCfg = PedMirror|Any CPU
		{E655EB35-563C-4BB8-9238-CF06C6399AA3}.PedMirror|Any CPU.Build.0 = PedMirror|Any CPU
		{E655EB35-563C-4BB8-9238-CF06C6399AA3}.Release|Any CPU.ActiveCfg = Release|Any CPU
		{E655EB35-563C-4BB8-9238-CF06C6399AA3}.Release|Any CPU.Build.0 = Release|Any CPU
		{E1AC6B34-94B7-40DA-B5D3-ABDD7EED0342}.Debug|Any CPU.ActiveCfg = Debug|Any CPU
		{E1AC6B34-94B7-40DA-B5D3-ABDD7EED0342}.Debug|Any CPU.Build.0 = Debug|Any CPU
		{E1AC6B34-94B7-40DA-B5D3-ABDD7EED0342}.PedMirror|Any CPU.ActiveCfg = PedMirror|Any CPU
		{E1AC6B34-94B7-40DA-B5D3-ABDD7EED0342}.PedMirror|Any CPU.Build.0 = PedMirror|Any CPU
		{E1AC6B34-94B7-40DA-B5D3-ABDD7EED0342}.Release|Any CPU.ActiveCfg = Release|Any CPU
		{E1AC6B34-94B7-40DA-B5D3-ABDD7EED0342}.Release|Any CPU.Build.0 = Release|Any CPU
		{94C03156-5009-46C9-98D1-396E8A7D0908}.Debug|Any CPU.ActiveCfg = Debug|Any CPU
		{94C03156-5009-46C9-98D1-396E8A7D0908}.Debug|Any CPU.Build.0 = Debug|Any CPU
		{94C03156-5009-46C9-98D1-396E8A7D0908}.PedMirror|Any CPU.ActiveCfg = PedMirror|Any CPU
		{94C03156-5009-46C9-98D1-396E8A7D0908}.PedMirror|Any CPU.Build.0 = PedMirror|Any CPU
		{94C03156-5009-46C9-98D1-396E8A7D0908}.Release|Any CPU.ActiveCfg = Release|Any CPU
		{94C03156-5009-46C9-98D1-396E8A7D0908}.Release|Any CPU.Build.0 = Release|Any CPU
		{2849B08F-3EBB-4657-929D-8ACD35656511}.Debug|Any CPU.ActiveCfg = Debug|Any CPU
		{2849B08F-3EBB-4657-929D-8ACD35656511}.Debug|Any CPU.Build.0 = Debug|Any CPU
		{2849B08F-3EBB-4657-929D-8ACD35656511}.PedMirror|Any CPU.ActiveCfg = PedMirror|Any CPU
		{2849B08F-3EBB-4657-929D-8ACD35656511}.PedMirror|Any CPU.Build.0 = PedMirror|Any CPU
		{2849B08F-3EBB-4657-929D-8ACD35656511}.Release|Any CPU.ActiveCfg = Release|Any CPU
		{2849B08F-3EBB-4657-929D-8ACD35656511}.Release|Any CPU.Build.0 = Release|Any CPU
		{C7F128E3-9EA5-4227-B735-AC777DB5BC58}.Debug|Any CPU.ActiveCfg = Debug|Any CPU
		{C7F128E3-9EA5-4227-B735-AC777DB5BC58}.Debug|Any CPU.Build.0 = Debug|Any CPU
		{C7F128E3-9EA5-4227-B735-AC777DB5BC58}.PedMirror|Any CPU.ActiveCfg = PedMirror|Any CPU
		{C7F128E3-9EA5-4227-B735-AC777DB5BC58}.PedMirror|Any CPU.Build.0 = PedMirror|Any CPU
		{C7F128E3-9EA5-4227-B735-AC777DB5BC58}.Release|Any CPU.ActiveCfg = Release|Any CPU
		{C7F128E3-9EA5-4227-B735-AC777DB5BC58}.Release|Any CPU.Build.0 = Release|Any CPU
		{8694AA32-FEF2-4A43-B2CD-EF91EA583CEF}.Debug|Any CPU.ActiveCfg = Debug|Any CPU
		{8694AA32-FEF2-4A43-B2CD-EF91EA583CEF}.Debug|Any CPU.Build.0 = Debug|Any CPU
		{8694AA32-FEF2-4A43-B2CD-EF91EA583CEF}.PedMirror|Any CPU.ActiveCfg = PedMirror|Any CPU
		{8694AA32-FEF2-4A43-B2CD-EF91EA583CEF}.PedMirror|Any CPU.Build.0 = PedMirror|Any CPU
		{8694AA32-FEF2-4A43-B2CD-EF91EA583CEF}.Release|Any CPU.ActiveCfg = Release|Any CPU
		{8694AA32-FEF2-4A43-B2CD-EF91EA583CEF}.Release|Any CPU.Build.0 = Release|Any CPU
		{E555BFFE-AAAC-4222-B987-3C3A9AB84671}.Debug|Any CPU.ActiveCfg = Debug|Any CPU
		{E555BFFE-AAAC-4222-B987-3C3A9AB84671}.Debug|Any CPU.Build.0 = Debug|Any CPU
		{E555BFFE-AAAC-4222-B987-3C3A9AB84671}.PedMirror|Any CPU.ActiveCfg = PedMirror|Any CPU
		{E555BFFE-AAAC-4222-B987-3C3A9AB84671}.PedMirror|Any CPU.Build.0 = PedMirror|Any CPU
		{E555BFFE-AAAC-4222-B987-3C3A9AB84671}.Release|Any CPU.ActiveCfg = Release|Any CPU
		{E555BFFE-AAAC-4222-B987-3C3A9AB84671}.Release|Any CPU.Build.0 = Release|Any CPU
		{B1F42F7D-9314-43FF-A96D-5340D4089837}.Debug|Any CPU.ActiveCfg = Debug|Any CPU
		{B1F42F7D-9314-43FF-A96D-5340D4089837}.Debug|Any CPU.Build.0 = Debug|Any CPU
		{B1F42F7D-9314-43FF-A96D-5340D4089837}.PedMirror|Any CPU.ActiveCfg = PedMirror|Any CPU
		{B1F42F7D-9314-43FF-A96D-5340D4089837}.PedMirror|Any CPU.Build.0 = PedMirror|Any CPU
		{B1F42F7D-9314-43FF-A96D-5340D4089837}.Release|Any CPU.ActiveCfg = Release|Any CPU
		{B1F42F7D-9314-43FF-A96D-5340D4089837}.Release|Any CPU.Build.0 = Release|Any CPU
		{B3B67B63-5785-49E1-85B0-647EDE36C80D}.Debug|Any CPU.ActiveCfg = Debug|Any CPU
		{B3B67B63-5785-49E1-85B0-647EDE36C80D}.Debug|Any CPU.Build.0 = Debug|Any CPU
		{B3B67B63-5785-49E1-85B0-647EDE36C80D}.PedMirror|Any CPU.ActiveCfg = PedMirror|Any CPU
		{B3B67B63-5785-49E1-85B0-647EDE36C80D}.PedMirror|Any CPU.Build.0 = PedMirror|Any CPU
		{B3B67B63-5785-49E1-85B0-647EDE36C80D}.Release|Any CPU.ActiveCfg = Release|Any CPU
		{B3B67B63-5785-49E1-85B0-647EDE36C80D}.Release|Any CPU.Build.0 = Release|Any CPU
		{C5E640E2-8913-487B-BAB5-6951CB6C050E}.Debug|Any CPU.ActiveCfg = Debug|Any CPU
		{C5E640E2-8913-487B-BAB5-6951CB6C050E}.Debug|Any CPU.Build.0 = Debug|Any CPU
		{C5E640E2-8913-487B-BAB5-6951CB6C050E}.PedMirror|Any CPU.ActiveCfg = PedMirror|Any CPU
		{C5E640E2-8913-487B-BAB5-6951CB6C050E}.PedMirror|Any CPU.Build.0 = PedMirror|Any CPU
		{C5E640E2-8913-487B-BAB5-6951CB6C050E}.Release|Any CPU.ActiveCfg = Release|Any CPU
		{C5E640E2-8913-487B-BAB5-6951CB6C050E}.Release|Any CPU.Build.0 = Release|Any CPU
		{04888282-CF87-4E67-BF07-686C224131DA}.Debug|Any CPU.ActiveCfg = Debug|Any CPU
		{04888282-CF87-4E67-BF07-686C224131DA}.Debug|Any CPU.Build.0 = Debug|Any CPU
		{04888282-CF87-4E67-BF07-686C224131DA}.PedMirror|Any CPU.ActiveCfg = PedMirror|Any CPU
		{04888282-CF87-4E67-BF07-686C224131DA}.PedMirror|Any CPU.Build.0 = PedMirror|Any CPU
		{04888282-CF87-4E67-BF07-686C224131DA}.Release|Any CPU.ActiveCfg = Release|Any CPU
		{04888282-CF87-4E67-BF07-686C224131DA}.Release|Any CPU.Build.0 = Release|Any CPU
		{8B2FD029-355C-427E-8278-C484C289CCC4}.Debug|Any CPU.ActiveCfg = Debug|Any CPU
		{8B2FD029-355C-427E-8278-C484C289CCC4}.Debug|Any CPU.Build.0 = Debug|Any CPU
		{8B2FD029-355C-427E-8278-C484C289CCC4}.PedMirror|Any CPU.ActiveCfg = PedMirror|Any CPU
		{8B2FD029-355C-427E-8278-C484C289CCC4}.PedMirror|Any CPU.Build.0 = PedMirror|Any CPU
		{8B2FD029-355C-427E-8278-C484C289CCC4}.Release|Any CPU.ActiveCfg = Release|Any CPU
		{8B2FD029-355C-427E-8278-C484C289CCC4}.Release|Any CPU.Build.0 = Release|Any CPU
		{1A0E043C-FD9B-4D8C-AB5E-51FE7734CC2D}.Debug|Any CPU.ActiveCfg = Debug|Any CPU
		{1A0E043C-FD9B-4D8C-AB5E-51FE7734CC2D}.Debug|Any CPU.Build.0 = Debug|Any CPU
		{1A0E043C-FD9B-4D8C-AB5E-51FE7734CC2D}.PedMirror|Any CPU.ActiveCfg = PedMirror|Any CPU
		{1A0E043C-FD9B-4D8C-AB5E-51FE7734CC2D}.PedMirror|Any CPU.Build.0 = PedMirror|Any CPU
		{1A0E043C-FD9B-4D8C-AB5E-51FE7734CC2D}.Release|Any CPU.ActiveCfg = Release|Any CPU
		{1A0E043C-FD9B-4D8C-AB5E-51FE7734CC2D}.Release|Any CPU.Build.0 = Release|Any CPU
		{E00B3E61-4E0A-43BB-AF47-FAA68EA3C7FD}.Debug|Any CPU.ActiveCfg = Debug|Any CPU
		{E00B3E61-4E0A-43BB-AF47-FAA68EA3C7FD}.Debug|Any CPU.Build.0 = Debug|Any CPU
		{E00B3E61-4E0A-43BB-AF47-FAA68EA3C7FD}.PedMirror|Any CPU.ActiveCfg = PedMirror|Any CPU
		{E00B3E61-4E0A-43BB-AF47-FAA68EA3C7FD}.PedMirror|Any CPU.Build.0 = PedMirror|Any CPU
		{E00B3E61-4E0A-43BB-AF47-FAA68EA3C7FD}.Release|Any CPU.ActiveCfg = Release|Any CPU
		{E00B3E61-4E0A-43BB-AF47-FAA68EA3C7FD}.Release|Any CPU.Build.0 = Release|Any CPU
		{C6320E7D-8A62-423C-8333-7362D33C976A}.Debug|Any CPU.ActiveCfg = PedMirror|Any CPU
		{C6320E7D-8A62-423C-8333-7362D33C976A}.Debug|Any CPU.Build.0 = PedMirror|Any CPU
		{C6320E7D-8A62-423C-8333-7362D33C976A}.PedMirror|Any CPU.ActiveCfg = PedMirror|Any CPU
		{C6320E7D-8A62-423C-8333-7362D33C976A}.PedMirror|Any CPU.Build.0 = PedMirror|Any CPU
		{C6320E7D-8A62-423C-8333-7362D33C976A}.Release|Any CPU.ActiveCfg = Release|Any CPU
		{C6320E7D-8A62-423C-8333-7362D33C976A}.Release|Any CPU.Build.0 = Release|Any CPU
		{B74ECBF4-9039-4019-B4E9-9011323BFB9C}.Debug|Any CPU.ActiveCfg = PedMirror|Any CPU
		{B74ECBF4-9039-4019-B4E9-9011323BFB9C}.Debug|Any CPU.Build.0 = PedMirror|Any CPU
		{B74ECBF4-9039-4019-B4E9-9011323BFB9C}.PedMirror|Any CPU.ActiveCfg = PedMirror|Any CPU
		{B74ECBF4-9039-4019-B4E9-9011323BFB9C}.PedMirror|Any CPU.Build.0 = PedMirror|Any CPU
		{B74ECBF4-9039-4019-B4E9-9011323BFB9C}.Release|Any CPU.ActiveCfg = Release|Any CPU
		{B74ECBF4-9039-4019-B4E9-9011323BFB9C}.Release|Any CPU.Build.0 = Release|Any CPU
	EndGlobalSection
	GlobalSection(SolutionProperties) = preSolution
		HideSolutionNode = FALSE
	EndGlobalSection
	GlobalSection(NestedProjects) = preSolution
		{FC916AEC-0E45-4E21-A764-406190182972} = {6148EE04-9AB6-4B67-9EB5-C59132344003}
		{4BE639FD-F1D3-40EE-BB29-1E01244A58D8} = {B70BD485-BD69-4069-8E91-3E849018909E}
		{1DE14C98-FEAC-4771-B27D-F7BA399D6355} = {B70BD485-BD69-4069-8E91-3E849018909E}
		{80761A5B-AB12-448B-BCF9-4C37551E68C1} = {FF194CC2-08D8-45A0-92E4-6A912B27CD0D}
		{EA6EF688-FECD-4EC2-8356-C2DCB99E0525} = {FF194CC2-08D8-45A0-92E4-6A912B27CD0D}
		{E655EB35-563C-4BB8-9238-CF06C6399AA3} = {B70BD485-BD69-4069-8E91-3E849018909E}
		{E1AC6B34-94B7-40DA-B5D3-ABDD7EED0342} = {FF194CC2-08D8-45A0-92E4-6A912B27CD0D}
		{94C03156-5009-46C9-98D1-396E8A7D0908} = {E605FB54-A4AD-4E0C-99C9-31D3B47F7463}
		{2849B08F-3EBB-4657-929D-8ACD35656511} = {E605FB54-A4AD-4E0C-99C9-31D3B47F7463}
		{C7F128E3-9EA5-4227-B735-AC777DB5BC58} = {B70BD485-BD69-4069-8E91-3E849018909E}
		{8694AA32-FEF2-4A43-B2CD-EF91EA583CEF} = {B70BD485-BD69-4069-8E91-3E849018909E}
		{E555BFFE-AAAC-4222-B987-3C3A9AB84671} = {B70BD485-BD69-4069-8E91-3E849018909E}
		{B1F42F7D-9314-43FF-A96D-5340D4089837} = {B70BD485-BD69-4069-8E91-3E849018909E}
		{B3B67B63-5785-49E1-85B0-647EDE36C80D} = {B70BD485-BD69-4069-8E91-3E849018909E}
		{C5E640E2-8913-487B-BAB5-6951CB6C050E} = {FF194CC2-08D8-45A0-92E4-6A912B27CD0D}
		{04888282-CF87-4E67-BF07-686C224131DA} = {B70BD485-BD69-4069-8E91-3E849018909E}
		{8B2FD029-355C-427E-8278-C484C289CCC4} = {B70BD485-BD69-4069-8E91-3E849018909E}
		{1A0E043C-FD9B-4D8C-AB5E-51FE7734CC2D} = {FF194CC2-08D8-45A0-92E4-6A912B27CD0D}
		{E00B3E61-4E0A-43BB-AF47-FAA68EA3C7FD} = {B70BD485-BD69-4069-8E91-3E849018909E}
		{C6320E7D-8A62-423C-8333-7362D33C976A} = {B70BD485-BD69-4069-8E91-3E849018909E}
		{B74ECBF4-9039-4019-B4E9-9011323BFB9C} = {FF194CC2-08D8-45A0-92E4-6A912B27CD0D}
	EndGlobalSection
	GlobalSection(ExtensibilityGlobals) = postSolution
		SolutionGuid = {D13F4F0C-E395-4838-B597-2A10F446B713}
	EndGlobalSection
EndGlobal
