
Microsoft Visual Studio Solution File, Format Version 12.00
# Visual Studio Version 16
VisualStudioVersion = 16.0.28729.10
MinimumVisualStudioVersion = 10.0.40219.1
Project("{9A19103F-16F7-4668-BE54-9A1E7A4F7556}") = "CryV.Net.Client", "CryV.Net.Client\CryV.Net.Client.csproj", "{3D92286E-C935-4402-8F9D-6A17712F04F7}"
EndProject
Project("{9A19103F-16F7-4668-BE54-9A1E7A4F7556}") = "CryV.Net.Shared", "CryV.Net.Shared\CryV.Net.Shared.csproj", "{9020DFA5-4D08-48E2-9A06-0ACA14D72A82}"
EndProject
Project("{9A19103F-16F7-4668-BE54-9A1E7A4F7556}") = "CryV.Net.Server", "CryV.Net.Server\CryV.Net.Server.csproj", "{98BEFA09-9456-4C62-AD9D-8295AEBA6D78}"
EndProject
Project("{9A19103F-16F7-4668-BE54-9A1E7A4F7556}") = "CryV.Net.FakeClient", "CryV.Net.FakeClient\CryV.Net.FakeClient.csproj", "{5234FF56-DF25-4A97-B551-9C0CF9298CC5}"
EndProject
Project("{9A19103F-16F7-4668-BE54-9A1E7A4F7556}") = "CryV.Net", "CryV.Net\CryV.Net.csproj", "{FC916AEC-0E45-4E21-A764-406190182972}"
EndProject
Project("{2150E333-8FDC-42A3-9474-1A3956D46DE8}") = "Native", "Native", "{6148EE04-9AB6-4B67-9EB5-C59132344003}"
EndProject
Project("{2150E333-8FDC-42A3-9474-1A3956D46DE8}") = "Client", "Client", "{B70BD485-BD69-4069-8E91-3E849018909E}"
EndProject
Project("{2150E333-8FDC-42A3-9474-1A3956D46DE8}") = "Server", "Server", "{FF194CC2-08D8-45A0-92E4-6A912B27CD0D}"
EndProject
Project("{2150E333-8FDC-42A3-9474-1A3956D46DE8}") = "Shared", "Shared", "{E605FB54-A4AD-4E0C-99C9-31D3B47F7463}"
EndProject
Project("{9A19103F-16F7-4668-BE54-9A1E7A4F7556}") = "CryV.Net.Client.Core", "CryV.Net.Client.Core\CryV.Net.Client.Core.csproj", "{4BE639FD-F1D3-40EE-BB29-1E01244A58D8}"
EndProject
Project("{9A19103F-16F7-4668-BE54-9A1E7A4F7556}") = "CryV.Net.Client.Common", "CryV.Net.Client.Common\CryV.Net.Client.Common.csproj", "{1DE14C98-FEAC-4771-B27D-F7BA399D6355}"
EndProject
Project("{9A19103F-16F7-4668-BE54-9A1E7A4F7556}") = "CryV.Net.Server.Core", "CryV.Net.Server.Core\CryV.Net.Server.Core.csproj", "{80761A5B-AB12-448B-BCF9-4C37551E68C1}"
EndProject
Project("{9A19103F-16F7-4668-BE54-9A1E7A4F7556}") = "CryV.Net.Server.Common", "CryV.Net.Server.Common\CryV.Net.Server.Common.csproj", "{EA6EF688-FECD-4EC2-8356-C2DCB99E0525}"
EndProject
Project("{9A19103F-16F7-4668-BE54-9A1E7A4F7556}") = "CryV.Net.Client.Networking", "CryV.Net.Client.Networking\CryV.Net.Client.Networking.csproj", "{E655EB35-563C-4BB8-9238-CF06C6399AA3}"
EndProject
Project("{9A19103F-16F7-4668-BE54-9A1E7A4F7556}") = "CryV.Net.Server.Networking", "CryV.Net.Server.Networking\CryV.Net.Server.Networking.csproj", "{E1AC6B34-94B7-40DA-B5D3-ABDD7EED0342}"
EndProject
Project("{9A19103F-16F7-4668-BE54-9A1E7A4F7556}") = "CryV.Net.Shared.Events", "CryV.Net.Shared.Events\CryV.Net.Shared.Events.csproj", "{94C03156-5009-46C9-98D1-396E8A7D0908}"
EndProject
Project("{FAE04EC0-301F-11D3-BF4B-00C04F79EFBC}") = "CryV.Net.Shared.Common", "CryV.Net.Shared.Common\CryV.Net.Shared.Common.csproj", "{2849B08F-3EBB-4657-929D-8ACD35656511}"
EndProject
Global
	GlobalSection(SolutionConfigurationPlatforms) = preSolution
		Debug|Any CPU = Debug|Any CPU
		PedMirror|Any CPU = PedMirror|Any CPU
		Release|Any CPU = Release|Any CPU
	EndGlobalSection
	GlobalSection(ProjectConfigurationPlatforms) = postSolution
		{3D92286E-C935-4402-8F9D-6A17712F04F7}.Debug|Any CPU.ActiveCfg = Debug|Any CPU
		{3D92286E-C935-4402-8F9D-6A17712F04F7}.Debug|Any CPU.Build.0 = Debug|Any CPU
		{3D92286E-C935-4402-8F9D-6A17712F04F7}.PedMirror|Any CPU.ActiveCfg = PedMirror|Any CPU
		{3D92286E-C935-4402-8F9D-6A17712F04F7}.PedMirror|Any CPU.Build.0 = PedMirror|Any CPU
		{3D92286E-C935-4402-8F9D-6A17712F04F7}.Release|Any CPU.ActiveCfg = Release|Any CPU
		{3D92286E-C935-4402-8F9D-6A17712F04F7}.Release|Any CPU.Build.0 = Release|Any CPU
		{9020DFA5-4D08-48E2-9A06-0ACA14D72A82}.Debug|Any CPU.ActiveCfg = Debug|Any CPU
		{9020DFA5-4D08-48E2-9A06-0ACA14D72A82}.Debug|Any CPU.Build.0 = Debug|Any CPU
		{9020DFA5-4D08-48E2-9A06-0ACA14D72A82}.PedMirror|Any CPU.ActiveCfg = PedMirror|Any CPU
		{9020DFA5-4D08-48E2-9A06-0ACA14D72A82}.PedMirror|Any CPU.Build.0 = PedMirror|Any CPU
		{9020DFA5-4D08-48E2-9A06-0ACA14D72A82}.Release|Any CPU.ActiveCfg = Release|Any CPU
		{9020DFA5-4D08-48E2-9A06-0ACA14D72A82}.Release|Any CPU.Build.0 = Release|Any CPU
		{98BEFA09-9456-4C62-AD9D-8295AEBA6D78}.Debug|Any CPU.ActiveCfg = Debug|Any CPU
		{98BEFA09-9456-4C62-AD9D-8295AEBA6D78}.Debug|Any CPU.Build.0 = Debug|Any CPU
		{98BEFA09-9456-4C62-AD9D-8295AEBA6D78}.PedMirror|Any CPU.ActiveCfg = PedMirror|Any CPU
		{98BEFA09-9456-4C62-AD9D-8295AEBA6D78}.PedMirror|Any CPU.Build.0 = PedMirror|Any CPU
		{98BEFA09-9456-4C62-AD9D-8295AEBA6D78}.Release|Any CPU.ActiveCfg = Release|Any CPU
		{98BEFA09-9456-4C62-AD9D-8295AEBA6D78}.Release|Any CPU.Build.0 = Release|Any CPU
		{5234FF56-DF25-4A97-B551-9C0CF9298CC5}.Debug|Any CPU.ActiveCfg = Debug|Any CPU
		{5234FF56-DF25-4A97-B551-9C0CF9298CC5}.Debug|Any CPU.Build.0 = Debug|Any CPU
		{5234FF56-DF25-4A97-B551-9C0CF9298CC5}.PedMirror|Any CPU.ActiveCfg = Release|Any CPU
		{5234FF56-DF25-4A97-B551-9C0CF9298CC5}.Release|Any CPU.ActiveCfg = Release|Any CPU
		{5234FF56-DF25-4A97-B551-9C0CF9298CC5}.Release|Any CPU.Build.0 = Release|Any CPU
		{FC916AEC-0E45-4E21-A764-406190182972}.Debug|Any CPU.ActiveCfg = Debug|Any CPU
		{FC916AEC-0E45-4E21-A764-406190182972}.Debug|Any CPU.Build.0 = Debug|Any CPU
		{FC916AEC-0E45-4E21-A764-406190182972}.PedMirror|Any CPU.ActiveCfg = PedMirror|Any CPU
		{FC916AEC-0E45-4E21-A764-406190182972}.PedMirror|Any CPU.Build.0 = PedMirror|Any CPU
		{FC916AEC-0E45-4E21-A764-406190182972}.Release|Any CPU.ActiveCfg = Release|Any CPU
		{FC916AEC-0E45-4E21-A764-406190182972}.Release|Any CPU.Build.0 = Release|Any CPU
		{4BE639FD-F1D3-40EE-BB29-1E01244A58D8}.Debug|Any CPU.ActiveCfg = Debug|Any CPU
		{4BE639FD-F1D3-40EE-BB29-1E01244A58D8}.Debug|Any CPU.Build.0 = Debug|Any CPU
		{4BE639FD-F1D3-40EE-BB29-1E01244A58D8}.PedMirror|Any CPU.ActiveCfg = Debug|Any CPU
		{4BE639FD-F1D3-40EE-BB29-1E01244A58D8}.PedMirror|Any CPU.Build.0 = Debug|Any CPU
		{4BE639FD-F1D3-40EE-BB29-1E01244A58D8}.Release|Any CPU.ActiveCfg = Release|Any CPU
		{4BE639FD-F1D3-40EE-BB29-1E01244A58D8}.Release|Any CPU.Build.0 = Release|Any CPU
		{1DE14C98-FEAC-4771-B27D-F7BA399D6355}.Debug|Any CPU.ActiveCfg = Debug|Any CPU
		{1DE14C98-FEAC-4771-B27D-F7BA399D6355}.Debug|Any CPU.Build.0 = Debug|Any CPU
		{1DE14C98-FEAC-4771-B27D-F7BA399D6355}.PedMirror|Any CPU.ActiveCfg = Debug|Any CPU
		{1DE14C98-FEAC-4771-B27D-F7BA399D6355}.PedMirror|Any CPU.Build.0 = Debug|Any CPU
		{1DE14C98-FEAC-4771-B27D-F7BA399D6355}.Release|Any CPU.ActiveCfg = Release|Any CPU
		{1DE14C98-FEAC-4771-B27D-F7BA399D6355}.Release|Any CPU.Build.0 = Release|Any CPU
		{80761A5B-AB12-448B-BCF9-4C37551E68C1}.Debug|Any CPU.ActiveCfg = Debug|Any CPU
		{80761A5B-AB12-448B-BCF9-4C37551E68C1}.Debug|Any CPU.Build.0 = Debug|Any CPU
		{80761A5B-AB12-448B-BCF9-4C37551E68C1}.PedMirror|Any CPU.ActiveCfg = Debug|Any CPU
		{80761A5B-AB12-448B-BCF9-4C37551E68C1}.PedMirror|Any CPU.Build.0 = Debug|Any CPU
		{80761A5B-AB12-448B-BCF9-4C37551E68C1}.Release|Any CPU.ActiveCfg = Release|Any CPU
		{80761A5B-AB12-448B-BCF9-4C37551E68C1}.Release|Any CPU.Build.0 = Release|Any CPU
		{EA6EF688-FECD-4EC2-8356-C2DCB99E0525}.Debug|Any CPU.ActiveCfg = Debug|Any CPU
		{EA6EF688-FECD-4EC2-8356-C2DCB99E0525}.Debug|Any CPU.Build.0 = Debug|Any CPU
		{EA6EF688-FECD-4EC2-8356-C2DCB99E0525}.PedMirror|Any CPU.ActiveCfg = Debug|Any CPU
		{EA6EF688-FECD-4EC2-8356-C2DCB99E0525}.PedMirror|Any CPU.Build.0 = Debug|Any CPU
		{EA6EF688-FECD-4EC2-8356-C2DCB99E0525}.Release|Any CPU.ActiveCfg = Release|Any CPU
		{EA6EF688-FECD-4EC2-8356-C2DCB99E0525}.Release|Any CPU.Build.0 = Release|Any CPU
		{E655EB35-563C-4BB8-9238-CF06C6399AA3}.Debug|Any CPU.ActiveCfg = Debug|Any CPU
		{E655EB35-563C-4BB8-9238-CF06C6399AA3}.Debug|Any CPU.Build.0 = Debug|Any CPU
		{E655EB35-563C-4BB8-9238-CF06C6399AA3}.PedMirror|Any CPU.ActiveCfg = Debug|Any CPU
		{E655EB35-563C-4BB8-9238-CF06C6399AA3}.PedMirror|Any CPU.Build.0 = Debug|Any CPU
		{E655EB35-563C-4BB8-9238-CF06C6399AA3}.Release|Any CPU.ActiveCfg = Release|Any CPU
		{E655EB35-563C-4BB8-9238-CF06C6399AA3}.Release|Any CPU.Build.0 = Release|Any CPU
		{E1AC6B34-94B7-40DA-B5D3-ABDD7EED0342}.Debug|Any CPU.ActiveCfg = Debug|Any CPU
		{E1AC6B34-94B7-40DA-B5D3-ABDD7EED0342}.Debug|Any CPU.Build.0 = Debug|Any CPU
		{E1AC6B34-94B7-40DA-B5D3-ABDD7EED0342}.PedMirror|Any CPU.ActiveCfg = Debug|Any CPU
		{E1AC6B34-94B7-40DA-B5D3-ABDD7EED0342}.PedMirror|Any CPU.Build.0 = Debug|Any CPU
		{E1AC6B34-94B7-40DA-B5D3-ABDD7EED0342}.Release|Any CPU.ActiveCfg = Release|Any CPU
		{E1AC6B34-94B7-40DA-B5D3-ABDD7EED0342}.Release|Any CPU.Build.0 = Release|Any CPU
		{94C03156-5009-46C9-98D1-396E8A7D0908}.Debug|Any CPU.ActiveCfg = Debug|Any CPU
		{94C03156-5009-46C9-98D1-396E8A7D0908}.Debug|Any CPU.Build.0 = Debug|Any CPU
		{94C03156-5009-46C9-98D1-396E8A7D0908}.PedMirror|Any CPU.ActiveCfg = Debug|Any CPU
		{94C03156-5009-46C9-98D1-396E8A7D0908}.PedMirror|Any CPU.Build.0 = Debug|Any CPU
		{94C03156-5009-46C9-98D1-396E8A7D0908}.Release|Any CPU.ActiveCfg = Release|Any CPU
		{94C03156-5009-46C9-98D1-396E8A7D0908}.Release|Any CPU.Build.0 = Release|Any CPU
		{2849B08F-3EBB-4657-929D-8ACD35656511}.Debug|Any CPU.ActiveCfg = Debug|Any CPU
		{2849B08F-3EBB-4657-929D-8ACD35656511}.Debug|Any CPU.Build.0 = Debug|Any CPU
		{2849B08F-3EBB-4657-929D-8ACD35656511}.PedMirror|Any CPU.ActiveCfg = Debug|Any CPU
		{2849B08F-3EBB-4657-929D-8ACD35656511}.PedMirror|Any CPU.Build.0 = Debug|Any CPU
		{2849B08F-3EBB-4657-929D-8ACD35656511}.Release|Any CPU.ActiveCfg = Release|Any CPU
		{2849B08F-3EBB-4657-929D-8ACD35656511}.Release|Any CPU.Build.0 = Release|Any CPU
	EndGlobalSection
	GlobalSection(SolutionProperties) = preSolution
		HideSolutionNode = FALSE
	EndGlobalSection
	GlobalSection(NestedProjects) = preSolution
		{FC916AEC-0E45-4E21-A764-406190182972} = {6148EE04-9AB6-4B67-9EB5-C59132344003}
		{4BE639FD-F1D3-40EE-BB29-1E01244A58D8} = {B70BD485-BD69-4069-8E91-3E849018909E}
		{1DE14C98-FEAC-4771-B27D-F7BA399D6355} = {B70BD485-BD69-4069-8E91-3E849018909E}
		{80761A5B-AB12-448B-BCF9-4C37551E68C1} = {FF194CC2-08D8-45A0-92E4-6A912B27CD0D}
		{EA6EF688-FECD-4EC2-8356-C2DCB99E0525} = {FF194CC2-08D8-45A0-92E4-6A912B27CD0D}
		{E655EB35-563C-4BB8-9238-CF06C6399AA3} = {B70BD485-BD69-4069-8E91-3E849018909E}
		{E1AC6B34-94B7-40DA-B5D3-ABDD7EED0342} = {FF194CC2-08D8-45A0-92E4-6A912B27CD0D}
		{94C03156-5009-46C9-98D1-396E8A7D0908} = {E605FB54-A4AD-4E0C-99C9-31D3B47F7463}
		{2849B08F-3EBB-4657-929D-8ACD35656511} = {E605FB54-A4AD-4E0C-99C9-31D3B47F7463}
	EndGlobalSection
	GlobalSection(ExtensibilityGlobals) = postSolution
		SolutionGuid = {D13F4F0C-E395-4838-B597-2A10F446B713}
	EndGlobalSection
EndGlobal
