
Microsoft Visual Studio Solution File, Format Version 12.00
# Visual Studio Version 16
VisualStudioVersion = 16.0.28729.10
MinimumVisualStudioVersion = 10.0.40219.1
Project("{9A19103F-16F7-4668-BE54-9A1E7A4F7556}") = "CryV.Net.Client", "CryV.Net.Client\CryV.Net.Client.csproj", "{3D92286E-C935-4402-8F9D-6A17712F04F7}"
EndProject
Project("{9A19103F-16F7-4668-BE54-9A1E7A4F7556}") = "CryV.Net.Shared", "CryV.Net.Shared\CryV.Net.Shared.csproj", "{9020DFA5-4D08-48E2-9A06-0ACA14D72A82}"
EndProject
Project("{9A19103F-16F7-4668-BE54-9A1E7A4F7556}") = "CryV.Net.Server", "CryV.Net.Server\CryV.Net.Server.csproj", "{98BEFA09-9456-4C62-AD9D-8295AEBA6D78}"
EndProject
Project("{9A19103F-16F7-4668-BE54-9A1E7A4F7556}") = "CryV.Net.FakeClient", "CryV.Net.FakeClient\CryV.Net.FakeClient.csproj", "{5234FF56-DF25-4A97-B551-9C0CF9298CC5}"
EndProject
Project("{9A19103F-16F7-4668-BE54-9A1E7A4F7556}") = "CryV.Net", "CryV.Net\CryV.Net.csproj", "{FC916AEC-0E45-4E21-A764-406190182972}"
EndProject
Global
	GlobalSection(SolutionConfigurationPlatforms) = preSolution
		Debug|Any CPU = Debug|Any CPU
		PedMirror|Any CPU = PedMirror|Any CPU
		Release|Any CPU = Release|Any CPU
	EndGlobalSection
	GlobalSection(ProjectConfigurationPlatforms) = postSolution
		{3D92286E-C935-4402-8F9D-6A17712F04F7}.Debug|Any CPU.ActiveCfg = Debug|Any CPU
		{3D92286E-C935-4402-8F9D-6A17712F04F7}.Debug|Any CPU.Build.0 = Debug|Any CPU
		{3D92286E-C935-4402-8F9D-6A17712F04F7}.PedMirror|Any CPU.ActiveCfg = PedMirror|Any CPU
		{3D92286E-C935-4402-8F9D-6A17712F04F7}.PedMirror|Any CPU.Build.0 = PedMirror|Any CPU
		{3D92286E-C935-4402-8F9D-6A17712F04F7}.Release|Any CPU.ActiveCfg = Release|Any CPU
		{3D92286E-C935-4402-8F9D-6A17712F04F7}.Release|Any CPU.Build.0 = Release|Any CPU
		{9020DFA5-4D08-48E2-9A06-0ACA14D72A82}.Debug|Any CPU.ActiveCfg = Debug|Any CPU
		{9020DFA5-4D08-48E2-9A06-0ACA14D72A82}.Debug|Any CPU.Build.0 = Debug|Any CPU
		{9020DFA5-4D08-48E2-9A06-0ACA14D72A82}.PedMirror|Any CPU.ActiveCfg = PedMirror|Any CPU
		{9020DFA5-4D08-48E2-9A06-0ACA14D72A82}.PedMirror|Any CPU.Build.0 = PedMirror|Any CPU
		{9020DFA5-4D08-48E2-9A06-0ACA14D72A82}.Release|Any CPU.ActiveCfg = Release|Any CPU
		{9020DFA5-4D08-48E2-9A06-0ACA14D72A82}.Release|Any CPU.Build.0 = Release|Any CPU
		{98BEFA09-9456-4C62-AD9D-8295AEBA6D78}.Debug|Any CPU.ActiveCfg = Debug|Any CPU
		{98BEFA09-9456-4C62-AD9D-8295AEBA6D78}.Debug|Any CPU.Build.0 = Debug|Any CPU
		{98BEFA09-9456-4C62-AD9D-8295AEBA6D78}.PedMirror|Any CPU.ActiveCfg = PedMirror|Any CPU
		{98BEFA09-9456-4C62-AD9D-8295AEBA6D78}.PedMirror|Any CPU.Build.0 = PedMirror|Any CPU
		{98BEFA09-9456-4C62-AD9D-8295AEBA6D78}.Release|Any CPU.ActiveCfg = Release|Any CPU
		{98BEFA09-9456-4C62-AD9D-8295AEBA6D78}.Release|Any CPU.Build.0 = Release|Any CPU
		{5234FF56-DF25-4A97-B551-9C0CF9298CC5}.Debug|Any CPU.ActiveCfg = Debug|Any CPU
		{5234FF56-DF25-4A97-B551-9C0CF9298CC5}.Debug|Any CPU.Build.0 = Debug|Any CPU
		{5234FF56-DF25-4A97-B551-9C0CF9298CC5}.PedMirror|Any CPU.ActiveCfg = Release|Any CPU
		{5234FF56-DF25-4A97-B551-9C0CF9298CC5}.Release|Any CPU.ActiveCfg = Release|Any CPU
		{5234FF56-DF25-4A97-B551-9C0CF9298CC5}.Release|Any CPU.Build.0 = Release|Any CPU
		{FC916AEC-0E45-4E21-A764-406190182972}.Debug|Any CPU.ActiveCfg = Debug|Any CPU
		{FC916AEC-0E45-4E21-A764-406190182972}.Debug|Any CPU.Build.0 = Debug|Any CPU
		{FC916AEC-0E45-4E21-A764-406190182972}.PedMirror|Any CPU.ActiveCfg = PedMirror|Any CPU
		{FC916AEC-0E45-4E21-A764-406190182972}.PedMirror|Any CPU.Build.0 = PedMirror|Any CPU
		{FC916AEC-0E45-4E21-A764-406190182972}.Release|Any CPU.ActiveCfg = Release|Any CPU
		{FC916AEC-0E45-4E21-A764-406190182972}.Release|Any CPU.Build.0 = Release|Any CPU
	EndGlobalSection
	GlobalSection(SolutionProperties) = preSolution
		HideSolutionNode = FALSE
	EndGlobalSection
	GlobalSection(ExtensibilityGlobals) = postSolution
		SolutionGuid = {D13F4F0C-E395-4838-B597-2A10F446B713}
	EndGlobalSection
EndGlobal
