<?xml version="1.0" encoding="utf-8"?>
<Project ToolsVersion="4.0" xmlns="http://schemas.microsoft.com/developer/msbuild/2003">
  <ItemGroup>
    <Filter Include="Source Files">
      <UniqueIdentifier>{4FC737F1-C7A5-4376-A066-2A32D752A2FF}</UniqueIdentifier>
      <Extensions>cpp;c;cc;cxx;c++;def;odl;idl;hpj;bat;asm;asmx</Extensions>
    </Filter>
    <Filter Include="Header Files">
      <UniqueIdentifier>{93995380-89BD-4b04-88EB-625FBE52EBFB}</UniqueIdentifier>
      <Extensions>h;hh;hpp;hxx;h++;hm;inl;inc;ipp;xsd</Extensions>
    </Filter>
    <Filter Include="Resource Files">
      <UniqueIdentifier>{67DA6AB6-F800-4c08-8B7A-83BB121AAD01}</UniqueIdentifier>
      <Extensions>rc;ico;cur;bmp;dlg;rc2;rct;bin;rgs;gif;jpg;jpeg;jpe;resx;tiff;tif;png;wav;mfcribbon-ms</Extensions>
    </Filter>
    <Filter Include="Header Files\memory">
      <UniqueIdentifier>{93a01623-2f14-4e5c-97f6-05e9bffcbba4}</UniqueIdentifier>
    </Filter>
    <Filter Include="Header Files\sdk">
      <UniqueIdentifier>{c307988c-1e65-4faa-a9ea-15862dff6505}</UniqueIdentifier>
    </Filter>
  </ItemGroup>
  <ItemGroup>
    <ClCompile Include="src\hooking.cpp">
      <Filter>Source Files</Filter>
    </ClCompile>
    <ClCompile Include="src\inputHook.cpp">
      <Filter>Source Files</Filter>
    </ClCompile>
    <ClCompile Include="src\nativeInvoker.cpp">
      <Filter>Source Files</Filter>
    </ClCompile>
    <ClCompile Include="src\scriptPatches.cpp">
      <Filter>Source Files</Filter>
    </ClCompile>
    <ClCompile Include="src\crossmapping.cpp">
      <Filter>Source Files</Filter>
    </ClCompile>
    <ClCompile Include="src\d3dRenderer.cpp">
      <Filter>Source Files</Filter>
    </ClCompile>
    <ClCompile Include="src\gamePatterns.cpp">
      <Filter>Source Files</Filter>
    </ClCompile>
    <ClCompile Include="src\hook.cpp">
      <Filter>Source Files</Filter>
    </ClCompile>
  </ItemGroup>
  <ItemGroup>
    <ClInclude Include="include\nativeInvoker.h">
      <Filter>Header Files</Filter>
    </ClInclude>
    <ClInclude Include="include\scriptPatches.h">
      <Filter>Header Files</Filter>
    </ClInclude>
    <ClInclude Include="include\vmtHook.h">
      <Filter>Header Files</Filter>
    </ClInclude>
    <ClInclude Include="include\crossmapping.h">
      <Filter>Header Files</Filter>
    </ClInclude>
    <ClInclude Include="include\d3dRenderer.h">
      <Filter>Header Files</Filter>
    </ClInclude>
    <ClInclude Include="include\gamePatterns.h">
      <Filter>Header Files</Filter>
    </ClInclude>
    <ClInclude Include="include\hook.h">
      <Filter>Header Files</Filter>
    </ClInclude>
    <ClInclude Include="include\hooking.h">
      <Filter>Header Files</Filter>
    </ClInclude>
    <ClInclude Include="include\inputHook.h">
      <Filter>Header Files</Filter>
    </ClInclude>
    <ClInclude Include="include\sdk\main.h">
      <Filter>Header Files\sdk</Filter>
    </ClInclude>
    <ClInclude Include="include\sdk\nativeCaller.h">
      <Filter>Header Files\sdk</Filter>
    </ClInclude>
    <ClInclude Include="include\sdk\natives.h">
      <Filter>Header Files\sdk</Filter>
    </ClInclude>
    <ClInclude Include="include\sdk\types.h">
      <Filter>Header Files\sdk</Filter>
    </ClInclude>
    <ClInclude Include="include\sdk\enums.h">
      <Filter>Header Files\sdk</Filter>
    </ClInclude>
    <ClInclude Include="include\memory\memoryRegion.h">
      <Filter>Header Files\memory</Filter>
    </ClInclude>
    <ClInclude Include="include\memory\module.h">
      <Filter>Header Files\memory</Filter>
    </ClInclude>
    <ClInclude Include="include\memory\signature.h">
      <Filter>Header Files\memory</Filter>
    </ClInclude>
    <ClInclude Include="include\memory\memoryHandle.h">
      <Filter>Header Files\memory</Filter>
    </ClInclude>
  </ItemGroup>
</Project>